// !$*UTF8*$!
{
	archiveVersion = 1;
	classes = {
	};
	objectVersion = 46;
	objects = {

/* Begin PBXBuildFile section */
		ED1412681F50371A00E2A18B /* UIViewController+Extension.swift in Sources */ = {isa = PBXBuildFile; fileRef = ED1412671F50371A00E2A18B /* UIViewController+Extension.swift */; };
		ED2614271F61021900F36321 /* FillInTheBlankObj.swift in Sources */ = {isa = PBXBuildFile; fileRef = ED2614261F61021900F36321 /* FillInTheBlankObj.swift */; };
		ED3637671F4FB53B0046372A /* SlideMenuController.swift in Sources */ = {isa = PBXBuildFile; fileRef = ED3637661F4FB53B0046372A /* SlideMenuController.swift */; };
		ED3BE8C31F57B34B003D7F76 /* FillInTheBlankViewController.swift in Sources */ = {isa = PBXBuildFile; fileRef = ED3BE8C21F57B34B003D7F76 /* FillInTheBlankViewController.swift */; };
		ED3BE8C51F57B362003D7F76 /* FillInTheBlankViewModel.swift in Sources */ = {isa = PBXBuildFile; fileRef = ED3BE8C41F57B362003D7F76 /* FillInTheBlankViewModel.swift */; };
		ED4597F51F53C6AE002A7728 /* MultipleChoicesViewController.swift in Sources */ = {isa = PBXBuildFile; fileRef = ED4597F41F53C6AE002A7728 /* MultipleChoicesViewController.swift */; };
		ED4597F71F53D799002A7728 /* MultipleChoicesViewModel.swift in Sources */ = {isa = PBXBuildFile; fileRef = ED4597F61F53D799002A7728 /* MultipleChoicesViewModel.swift */; };
		ED4597F91F53EFDC002A7728 /* MultipleChoicesObj.swift in Sources */ = {isa = PBXBuildFile; fileRef = ED4597F81F53EFDC002A7728 /* MultipleChoicesObj.swift */; };
		ED4670871F4FBE1E00533EBE /* ic_menu@1x.png in Resources */ = {isa = PBXBuildFile; fileRef = ED4670841F4FBE1E00533EBE /* ic_menu@1x.png */; };
		ED4670881F4FBE1E00533EBE /* ic_menu@2x.png in Resources */ = {isa = PBXBuildFile; fileRef = ED4670851F4FBE1E00533EBE /* ic_menu@2x.png */; };
		ED4670891F4FBE1E00533EBE /* ic_menu@3x.png in Resources */ = {isa = PBXBuildFile; fileRef = ED4670861F4FBE1E00533EBE /* ic_menu@3x.png */; };
		ED50453F1F60E98700087493 /* Quiz.storyboard in Resources */ = {isa = PBXBuildFile; fileRef = ED50453E1F60E98700087493 /* Quiz.storyboard */; };
		ED5045411F60F91200087493 /* UIButton+Extension.swift in Sources */ = {isa = PBXBuildFile; fileRef = ED5045401F60F91200087493 /* UIButton+Extension.swift */; };
		ED7112BE1F627D7D002DFE13 /* WordDetailViewController.swift in Sources */ = {isa = PBXBuildFile; fileRef = ED7112BD1F627D7D002DFE13 /* WordDetailViewController.swift */; };
		ED7112C01F628011002DFE13 /* WordDetailViewModel.swift in Sources */ = {isa = PBXBuildFile; fileRef = ED7112BF1F628011002DFE13 /* WordDetailViewModel.swift */; };
		ED77784B1F56676300FC6C2C /* icon_kanji@1x.png in Resources */ = {isa = PBXBuildFile; fileRef = ED7778451F56676300FC6C2C /* icon_kanji@1x.png */; };
		ED77784C1F56676300FC6C2C /* icon_kanji@2x.png in Resources */ = {isa = PBXBuildFile; fileRef = ED7778461F56676300FC6C2C /* icon_kanji@2x.png */; };
		ED77784D1F56676300FC6C2C /* icon_kanji@3x.png in Resources */ = {isa = PBXBuildFile; fileRef = ED7778471F56676300FC6C2C /* icon_kanji@3x.png */; };
		ED77784E1F56676300FC6C2C /* icon_words@1x.png in Resources */ = {isa = PBXBuildFile; fileRef = ED7778481F56676300FC6C2C /* icon_words@1x.png */; };
		ED77784F1F56676300FC6C2C /* icon_words@2x.png in Resources */ = {isa = PBXBuildFile; fileRef = ED7778491F56676300FC6C2C /* icon_words@2x.png */; };
		ED7778501F56676300FC6C2C /* icon_words@3x.png in Resources */ = {isa = PBXBuildFile; fileRef = ED77784A1F56676300FC6C2C /* icon_words@3x.png */; };
		ED874BED1F501FB70007DB05 /* String+Extension.swift in Sources */ = {isa = PBXBuildFile; fileRef = ED874BEC1F501FB70007DB05 /* String+Extension.swift */; };
		ED874BF31F50229F0007DB05 /* AddMoreViewController.swift in Sources */ = {isa = PBXBuildFile; fileRef = ED874BF01F50229F0007DB05 /* AddMoreViewController.swift */; };
		ED874BF41F50229F0007DB05 /* ViewController.swift in Sources */ = {isa = PBXBuildFile; fileRef = ED874BF21F50229F0007DB05 /* ViewController.swift */; };
		ED874BF61F5022AF0007DB05 /* AddMoreViewModel.swift in Sources */ = {isa = PBXBuildFile; fileRef = ED874BF51F5022AF0007DB05 /* AddMoreViewModel.swift */; };
		ED874BF81F5024B90007DB05 /* MainViewModel.swift in Sources */ = {isa = PBXBuildFile; fileRef = ED874BF71F5024B90007DB05 /* MainViewModel.swift */; };
		ED8931971F57FE5900CA7214 /* DBUtils.swift in Sources */ = {isa = PBXBuildFile; fileRef = ED8931961F57FE5900CA7214 /* DBUtils.swift */; };
		ED8E90701F4EC5A0009C095C /* AppDelegate.swift in Sources */ = {isa = PBXBuildFile; fileRef = ED8E906F1F4EC5A0009C095C /* AppDelegate.swift */; };
		ED8E90751F4EC5A0009C095C /* Main.storyboard in Resources */ = {isa = PBXBuildFile; fileRef = ED8E90731F4EC5A0009C095C /* Main.storyboard */; };
		ED8E90781F4EC5A0009C095C /* JVocab.xcdatamodeld in Sources */ = {isa = PBXBuildFile; fileRef = ED8E90761F4EC5A0009C095C /* JVocab.xcdatamodeld */; };
		ED8E907A1F4EC5A0009C095C /* Assets.xcassets in Resources */ = {isa = PBXBuildFile; fileRef = ED8E90791F4EC5A0009C095C /* Assets.xcassets */; };
		ED8E907D1F4EC5A0009C095C /* LaunchScreen.storyboard in Resources */ = {isa = PBXBuildFile; fileRef = ED8E907B1F4EC5A0009C095C /* LaunchScreen.storyboard */; };
		ED8E90881F4EC5A0009C095C /* JVocabTests.swift in Sources */ = {isa = PBXBuildFile; fileRef = ED8E90871F4EC5A0009C095C /* JVocabTests.swift */; };
		ED8E90931F4EC5A0009C095C /* JVocabUITests.swift in Sources */ = {isa = PBXBuildFile; fileRef = ED8E90921F4EC5A0009C095C /* JVocabUITests.swift */; };
		EDAD61E61F68ED2400A48C4D /* Sequence+Extension.swift in Sources */ = {isa = PBXBuildFile; fileRef = EDAD61E51F68ED2400A48C4D /* Sequence+Extension.swift */; };
		EDAD61E81F69180A00A48C4D /* MutableCollection+Extension.swift in Sources */ = {isa = PBXBuildFile; fileRef = EDAD61E71F69180A00A48C4D /* MutableCollection+Extension.swift */; };
		EDC9D48C1F6A1CDA003F35CD /* Collection+Extension.swift in Sources */ = {isa = PBXBuildFile; fileRef = EDC9D48B1F6A1CDA003F35CD /* Collection+Extension.swift */; };
/* End PBXBuildFile section */

/* Begin PBXContainerItemProxy section */
		ED8E90841F4EC5A0009C095C /* PBXContainerItemProxy */ = {
			isa = PBXContainerItemProxy;
			containerPortal = ED8E90641F4EC5A0009C095C /* Project object */;
			proxyType = 1;
			remoteGlobalIDString = ED8E906B1F4EC5A0009C095C;
			remoteInfo = JVocab;
		};
		ED8E908F1F4EC5A0009C095C /* PBXContainerItemProxy */ = {
			isa = PBXContainerItemProxy;
			containerPortal = ED8E90641F4EC5A0009C095C /* Project object */;
			proxyType = 1;
			remoteGlobalIDString = ED8E906B1F4EC5A0009C095C;
			remoteInfo = JVocab;
		};
/* End PBXContainerItemProxy section */

/* Begin PBXFileReference section */
		ED1412671F50371A00E2A18B /* UIViewController+Extension.swift */ = {isa = PBXFileReference; fileEncoding = 4; lastKnownFileType = sourcecode.swift; path = "UIViewController+Extension.swift"; sourceTree = "<group>"; };
		ED2614261F61021900F36321 /* FillInTheBlankObj.swift */ = {isa = PBXFileReference; fileEncoding = 4; lastKnownFileType = sourcecode.swift; path = FillInTheBlankObj.swift; sourceTree = "<group>"; };
		ED3637661F4FB53B0046372A /* SlideMenuController.swift */ = {isa = PBXFileReference; fileEncoding = 4; lastKnownFileType = sourcecode.swift; path = SlideMenuController.swift; sourceTree = "<group>"; };
		ED3BE8C21F57B34B003D7F76 /* FillInTheBlankViewController.swift */ = {isa = PBXFileReference; fileEncoding = 4; lastKnownFileType = sourcecode.swift; path = FillInTheBlankViewController.swift; sourceTree = "<group>"; };
		ED3BE8C41F57B362003D7F76 /* FillInTheBlankViewModel.swift */ = {isa = PBXFileReference; fileEncoding = 4; lastKnownFileType = sourcecode.swift; path = FillInTheBlankViewModel.swift; sourceTree = "<group>"; };
		ED4597F41F53C6AE002A7728 /* MultipleChoicesViewController.swift */ = {isa = PBXFileReference; fileEncoding = 4; lastKnownFileType = sourcecode.swift; path = MultipleChoicesViewController.swift; sourceTree = "<group>"; };
		ED4597F61F53D799002A7728 /* MultipleChoicesViewModel.swift */ = {isa = PBXFileReference; fileEncoding = 4; lastKnownFileType = sourcecode.swift; path = MultipleChoicesViewModel.swift; sourceTree = "<group>"; };
		ED4597F81F53EFDC002A7728 /* MultipleChoicesObj.swift */ = {isa = PBXFileReference; fileEncoding = 4; lastKnownFileType = sourcecode.swift; path = MultipleChoicesObj.swift; sourceTree = "<group>"; };
		ED4670841F4FBE1E00533EBE /* ic_menu@1x.png */ = {isa = PBXFileReference; lastKnownFileType = image.png; path = "ic_menu@1x.png"; sourceTree = "<group>"; };
		ED4670851F4FBE1E00533EBE /* ic_menu@2x.png */ = {isa = PBXFileReference; lastKnownFileType = image.png; path = "ic_menu@2x.png"; sourceTree = "<group>"; };
		ED4670861F4FBE1E00533EBE /* ic_menu@3x.png */ = {isa = PBXFileReference; lastKnownFileType = image.png; path = "ic_menu@3x.png"; sourceTree = "<group>"; };
		ED50453E1F60E98700087493 /* Quiz.storyboard */ = {isa = PBXFileReference; fileEncoding = 4; lastKnownFileType = file.storyboard; path = Quiz.storyboard; sourceTree = "<group>"; };
		ED5045401F60F91200087493 /* UIButton+Extension.swift */ = {isa = PBXFileReference; fileEncoding = 4; lastKnownFileType = sourcecode.swift; path = "UIButton+Extension.swift"; sourceTree = "<group>"; };
		ED7112BD1F627D7D002DFE13 /* WordDetailViewController.swift */ = {isa = PBXFileReference; fileEncoding = 4; lastKnownFileType = sourcecode.swift; path = WordDetailViewController.swift; sourceTree = "<group>"; };
		ED7112BF1F628011002DFE13 /* WordDetailViewModel.swift */ = {isa = PBXFileReference; fileEncoding = 4; lastKnownFileType = sourcecode.swift; path = WordDetailViewModel.swift; sourceTree = "<group>"; };
		ED7778451F56676300FC6C2C /* icon_kanji@1x.png */ = {isa = PBXFileReference; lastKnownFileType = image.png; path = "icon_kanji@1x.png"; sourceTree = "<group>"; };
		ED7778461F56676300FC6C2C /* icon_kanji@2x.png */ = {isa = PBXFileReference; lastKnownFileType = image.png; path = "icon_kanji@2x.png"; sourceTree = "<group>"; };
		ED7778471F56676300FC6C2C /* icon_kanji@3x.png */ = {isa = PBXFileReference; lastKnownFileType = image.png; path = "icon_kanji@3x.png"; sourceTree = "<group>"; };
		ED7778481F56676300FC6C2C /* icon_words@1x.png */ = {isa = PBXFileReference; lastKnownFileType = image.png; path = "icon_words@1x.png"; sourceTree = "<group>"; };
		ED7778491F56676300FC6C2C /* icon_words@2x.png */ = {isa = PBXFileReference; lastKnownFileType = image.png; path = "icon_words@2x.png"; sourceTree = "<group>"; };
		ED77784A1F56676300FC6C2C /* icon_words@3x.png */ = {isa = PBXFileReference; lastKnownFileType = image.png; path = "icon_words@3x.png"; sourceTree = "<group>"; };
		ED874BEC1F501FB70007DB05 /* String+Extension.swift */ = {isa = PBXFileReference; fileEncoding = 4; lastKnownFileType = sourcecode.swift; path = "String+Extension.swift"; sourceTree = "<group>"; };
		ED874BF01F50229F0007DB05 /* AddMoreViewController.swift */ = {isa = PBXFileReference; fileEncoding = 4; lastKnownFileType = sourcecode.swift; path = AddMoreViewController.swift; sourceTree = "<group>"; };
		ED874BF21F50229F0007DB05 /* ViewController.swift */ = {isa = PBXFileReference; fileEncoding = 4; lastKnownFileType = sourcecode.swift; path = ViewController.swift; sourceTree = "<group>"; };
		ED874BF51F5022AF0007DB05 /* AddMoreViewModel.swift */ = {isa = PBXFileReference; fileEncoding = 4; lastKnownFileType = sourcecode.swift; path = AddMoreViewModel.swift; sourceTree = "<group>"; };
		ED874BF71F5024B90007DB05 /* MainViewModel.swift */ = {isa = PBXFileReference; fileEncoding = 4; lastKnownFileType = sourcecode.swift; path = MainViewModel.swift; sourceTree = "<group>"; };
		ED8931961F57FE5900CA7214 /* DBUtils.swift */ = {isa = PBXFileReference; fileEncoding = 4; lastKnownFileType = sourcecode.swift; path = DBUtils.swift; sourceTree = "<group>"; };
		ED8E906C1F4EC5A0009C095C /* JVocab.app */ = {isa = PBXFileReference; explicitFileType = wrapper.application; includeInIndex = 0; path = JVocab.app; sourceTree = BUILT_PRODUCTS_DIR; };
		ED8E906F1F4EC5A0009C095C /* AppDelegate.swift */ = {isa = PBXFileReference; lastKnownFileType = sourcecode.swift; path = AppDelegate.swift; sourceTree = "<group>"; };
		ED8E90741F4EC5A0009C095C /* Base */ = {isa = PBXFileReference; lastKnownFileType = file.storyboard; name = Base; path = Base.lproj/Main.storyboard; sourceTree = "<group>"; };
		ED8E90771F4EC5A0009C095C /* JVocab.xcdatamodel */ = {isa = PBXFileReference; lastKnownFileType = wrapper.xcdatamodel; path = JVocab.xcdatamodel; sourceTree = "<group>"; };
		ED8E90791F4EC5A0009C095C /* Assets.xcassets */ = {isa = PBXFileReference; lastKnownFileType = folder.assetcatalog; path = Assets.xcassets; sourceTree = "<group>"; };
		ED8E907C1F4EC5A0009C095C /* Base */ = {isa = PBXFileReference; lastKnownFileType = file.storyboard; name = Base; path = Base.lproj/LaunchScreen.storyboard; sourceTree = "<group>"; };
		ED8E907E1F4EC5A0009C095C /* Info.plist */ = {isa = PBXFileReference; lastKnownFileType = text.plist.xml; path = Info.plist; sourceTree = "<group>"; };
		ED8E90831F4EC5A0009C095C /* JVocabTests.xctest */ = {isa = PBXFileReference; explicitFileType = wrapper.cfbundle; includeInIndex = 0; path = JVocabTests.xctest; sourceTree = BUILT_PRODUCTS_DIR; };
		ED8E90871F4EC5A0009C095C /* JVocabTests.swift */ = {isa = PBXFileReference; lastKnownFileType = sourcecode.swift; path = JVocabTests.swift; sourceTree = "<group>"; };
		ED8E90891F4EC5A0009C095C /* Info.plist */ = {isa = PBXFileReference; lastKnownFileType = text.plist.xml; path = Info.plist; sourceTree = "<group>"; };
		ED8E908E1F4EC5A0009C095C /* JVocabUITests.xctest */ = {isa = PBXFileReference; explicitFileType = wrapper.cfbundle; includeInIndex = 0; path = JVocabUITests.xctest; sourceTree = BUILT_PRODUCTS_DIR; };
		ED8E90921F4EC5A0009C095C /* JVocabUITests.swift */ = {isa = PBXFileReference; lastKnownFileType = sourcecode.swift; path = JVocabUITests.swift; sourceTree = "<group>"; };
		ED8E90941F4EC5A0009C095C /* Info.plist */ = {isa = PBXFileReference; lastKnownFileType = text.plist.xml; path = Info.plist; sourceTree = "<group>"; };
		EDAD61E51F68ED2400A48C4D /* Sequence+Extension.swift */ = {isa = PBXFileReference; fileEncoding = 4; lastKnownFileType = sourcecode.swift; path = "Sequence+Extension.swift"; sourceTree = "<group>"; };
		EDAD61E71F69180A00A48C4D /* MutableCollection+Extension.swift */ = {isa = PBXFileReference; fileEncoding = 4; lastKnownFileType = sourcecode.swift; path = "MutableCollection+Extension.swift"; sourceTree = "<group>"; };
		EDC9D48B1F6A1CDA003F35CD /* Collection+Extension.swift */ = {isa = PBXFileReference; fileEncoding = 4; lastKnownFileType = sourcecode.swift; path = "Collection+Extension.swift"; sourceTree = "<group>"; };
/* End PBXFileReference section */

/* Begin PBXFrameworksBuildPhase section */
		ED8E90691F4EC5A0009C095C /* Frameworks */ = {
			isa = PBXFrameworksBuildPhase;
			buildActionMask = 2147483647;
			files = (
			);
			runOnlyForDeploymentPostprocessing = 0;
		};
		ED8E90801F4EC5A0009C095C /* Frameworks */ = {
			isa = PBXFrameworksBuildPhase;
			buildActionMask = 2147483647;
			files = (
			);
			runOnlyForDeploymentPostprocessing = 0;
		};
		ED8E908B1F4EC5A0009C095C /* Frameworks */ = {
			isa = PBXFrameworksBuildPhase;
			buildActionMask = 2147483647;
			files = (
			);
			runOnlyForDeploymentPostprocessing = 0;
		};
/* End PBXFrameworksBuildPhase section */

/* Begin PBXGroup section */
		ED3637651F4FB53B0046372A /* SlideMenu */ = {
			isa = PBXGroup;
			children = (
				ED3637661F4FB53B0046372A /* SlideMenuController.swift */,
			);
			path = SlideMenu;
			sourceTree = "<group>";
		};
		ED3BE8C11F57B32C003D7F76 /* FillInTheBlank */ = {
			isa = PBXGroup;
			children = (
				ED3BE8C21F57B34B003D7F76 /* FillInTheBlankViewController.swift */,
				ED3BE8C41F57B362003D7F76 /* FillInTheBlankViewModel.swift */,
				ED2614261F61021900F36321 /* FillInTheBlankObj.swift */,
			);
			path = FillInTheBlank;
			sourceTree = "<group>";
		};
		ED4597F11F53C0D1002A7728 /* MultipleChoices */ = {
			isa = PBXGroup;
			children = (
				ED4597F41F53C6AE002A7728 /* MultipleChoicesViewController.swift */,
				ED4597F61F53D799002A7728 /* MultipleChoicesViewModel.swift */,
				ED4597F81F53EFDC002A7728 /* MultipleChoicesObj.swift */,
			);
			path = MultipleChoices;
			sourceTree = "<group>";
		};
		ED4670831F4FBE1E00533EBE /* Resources */ = {
			isa = PBXGroup;
			children = (
				ED7778451F56676300FC6C2C /* icon_kanji@1x.png */,
				ED7778461F56676300FC6C2C /* icon_kanji@2x.png */,
				ED7778471F56676300FC6C2C /* icon_kanji@3x.png */,
				ED7778481F56676300FC6C2C /* icon_words@1x.png */,
				ED7778491F56676300FC6C2C /* icon_words@2x.png */,
				ED77784A1F56676300FC6C2C /* icon_words@3x.png */,
				ED4670841F4FBE1E00533EBE /* ic_menu@1x.png */,
				ED4670851F4FBE1E00533EBE /* ic_menu@2x.png */,
				ED4670861F4FBE1E00533EBE /* ic_menu@3x.png */,
			);
			path = Resources;
			sourceTree = "<group>";
		};
		ED7112BC1F627D63002DFE13 /* WordDetail */ = {
			isa = PBXGroup;
			children = (
				ED7112BD1F627D7D002DFE13 /* WordDetailViewController.swift */,
				ED7112BF1F628011002DFE13 /* WordDetailViewModel.swift */,
			);
			path = WordDetail;
			sourceTree = "<group>";
		};
		ED874BEB1F501F7E0007DB05 /* Extensions */ = {
			isa = PBXGroup;
			children = (
				ED874BEC1F501FB70007DB05 /* String+Extension.swift */,
				ED1412671F50371A00E2A18B /* UIViewController+Extension.swift */,
				ED5045401F60F91200087493 /* UIButton+Extension.swift */,
				EDAD61E51F68ED2400A48C4D /* Sequence+Extension.swift */,
				EDAD61E71F69180A00A48C4D /* MutableCollection+Extension.swift */,
				EDC9D48B1F6A1CDA003F35CD /* Collection+Extension.swift */,
			);
			path = Extensions;
			sourceTree = "<group>";
		};
		ED874BEE1F50229F0007DB05 /* Modules */ = {
			isa = PBXGroup;
			children = (
				ED874BEF1F50229F0007DB05 /* AddMore */,
				ED3BE8C11F57B32C003D7F76 /* FillInTheBlank */,
				ED874BF11F50229F0007DB05 /* Main */,
				ED4597F11F53C0D1002A7728 /* MultipleChoices */,
				ED7112BC1F627D63002DFE13 /* WordDetail */,
			);
			path = Modules;
			sourceTree = "<group>";
		};
		ED874BEF1F50229F0007DB05 /* AddMore */ = {
			isa = PBXGroup;
			children = (
				ED874BF01F50229F0007DB05 /* AddMoreViewController.swift */,
				ED874BF51F5022AF0007DB05 /* AddMoreViewModel.swift */,
			);
			path = AddMore;
			sourceTree = "<group>";
		};
		ED874BF11F50229F0007DB05 /* Main */ = {
			isa = PBXGroup;
			children = (
				ED874BF21F50229F0007DB05 /* ViewController.swift */,
				ED874BF71F5024B90007DB05 /* MainViewModel.swift */,
			);
			path = Main;
			sourceTree = "<group>";
		};
		ED8931951F57FE4100CA7214 /* Utils */ = {
			isa = PBXGroup;
			children = (
				ED8931961F57FE5900CA7214 /* DBUtils.swift */,
			);
			path = Utils;
			sourceTree = "<group>";
		};
		ED8E90631F4EC5A0009C095C = {
			isa = PBXGroup;
			children = (
				ED8E906E1F4EC5A0009C095C /* JVocab */,
				ED8E90861F4EC5A0009C095C /* JVocabTests */,
				ED8E90911F4EC5A0009C095C /* JVocabUITests */,
				ED8E906D1F4EC5A0009C095C /* Products */,
			);
			sourceTree = "<group>";
		};
		ED8E906D1F4EC5A0009C095C /* Products */ = {
			isa = PBXGroup;
			children = (
				ED8E906C1F4EC5A0009C095C /* JVocab.app */,
				ED8E90831F4EC5A0009C095C /* JVocabTests.xctest */,
				ED8E908E1F4EC5A0009C095C /* JVocabUITests.xctest */,
			);
			name = Products;
			sourceTree = "<group>";
		};
		ED8E906E1F4EC5A0009C095C /* JVocab */ = {
			isa = PBXGroup;
			children = (
				ED8E906F1F4EC5A0009C095C /* AppDelegate.swift */,
				ED8E90791F4EC5A0009C095C /* Assets.xcassets */,
				ED874BEB1F501F7E0007DB05 /* Extensions */,
				ED8E907E1F4EC5A0009C095C /* Info.plist */,
				ED8E90761F4EC5A0009C095C /* JVocab.xcdatamodeld */,
				ED8E907B1F4EC5A0009C095C /* LaunchScreen.storyboard */,
				ED8E90731F4EC5A0009C095C /* Main.storyboard */,
				ED874BEE1F50229F0007DB05 /* Modules */,
				ED50453E1F60E98700087493 /* Quiz.storyboard */,
				ED4670831F4FBE1E00533EBE /* Resources */,
				ED3637651F4FB53B0046372A /* SlideMenu */,
				ED8931951F57FE4100CA7214 /* Utils */,
			);
			path = JVocab;
			sourceTree = "<group>";
		};
		ED8E90861F4EC5A0009C095C /* JVocabTests */ = {
			isa = PBXGroup;
			children = (
				ED8E90871F4EC5A0009C095C /* JVocabTests.swift */,
				ED8E90891F4EC5A0009C095C /* Info.plist */,
			);
			path = JVocabTests;
			sourceTree = "<group>";
		};
		ED8E90911F4EC5A0009C095C /* JVocabUITests */ = {
			isa = PBXGroup;
			children = (
				ED8E90921F4EC5A0009C095C /* JVocabUITests.swift */,
				ED8E90941F4EC5A0009C095C /* Info.plist */,
			);
			path = JVocabUITests;
			sourceTree = "<group>";
		};
/* End PBXGroup section */

/* Begin PBXNativeTarget section */
		ED8E906B1F4EC5A0009C095C /* JVocab */ = {
			isa = PBXNativeTarget;
			buildConfigurationList = ED8E90971F4EC5A0009C095C /* Build configuration list for PBXNativeTarget "JVocab" */;
			buildPhases = (
				ED8E90681F4EC5A0009C095C /* Sources */,
				ED8E90691F4EC5A0009C095C /* Frameworks */,
				ED8E906A1F4EC5A0009C095C /* Resources */,
			);
			buildRules = (
			);
			dependencies = (
			);
			name = JVocab;
			productName = JVocab;
			productReference = ED8E906C1F4EC5A0009C095C /* JVocab.app */;
			productType = "com.apple.product-type.application";
		};
		ED8E90821F4EC5A0009C095C /* JVocabTests */ = {
			isa = PBXNativeTarget;
			buildConfigurationList = ED8E909A1F4EC5A0009C095C /* Build configuration list for PBXNativeTarget "JVocabTests" */;
			buildPhases = (
				ED8E907F1F4EC5A0009C095C /* Sources */,
				ED8E90801F4EC5A0009C095C /* Frameworks */,
				ED8E90811F4EC5A0009C095C /* Resources */,
			);
			buildRules = (
			);
			dependencies = (
				ED8E90851F4EC5A0009C095C /* PBXTargetDependency */,
			);
			name = JVocabTests;
			productName = JVocabTests;
			productReference = ED8E90831F4EC5A0009C095C /* JVocabTests.xctest */;
			productType = "com.apple.product-type.bundle.unit-test";
		};
		ED8E908D1F4EC5A0009C095C /* JVocabUITests */ = {
			isa = PBXNativeTarget;
			buildConfigurationList = ED8E909D1F4EC5A0009C095C /* Build configuration list for PBXNativeTarget "JVocabUITests" */;
			buildPhases = (
				ED8E908A1F4EC5A0009C095C /* Sources */,
				ED8E908B1F4EC5A0009C095C /* Frameworks */,
				ED8E908C1F4EC5A0009C095C /* Resources */,
			);
			buildRules = (
			);
			dependencies = (
				ED8E90901F4EC5A0009C095C /* PBXTargetDependency */,
			);
			name = JVocabUITests;
			productName = JVocabUITests;
			productReference = ED8E908E1F4EC5A0009C095C /* JVocabUITests.xctest */;
			productType = "com.apple.product-type.bundle.ui-testing";
		};
/* End PBXNativeTarget section */

/* Begin PBXProject section */
		ED8E90641F4EC5A0009C095C /* Project object */ = {
			isa = PBXProject;
			attributes = {
				LastSwiftUpdateCheck = 0830;
				LastUpgradeCheck = 0830;
				ORGANIZATIONNAME = NamDV;
				TargetAttributes = {
					ED8E906B1F4EC5A0009C095C = {
						CreatedOnToolsVersion = 8.3;
						DevelopmentTeam = 4D947669QT;
						ProvisioningStyle = Manual;
					};
					ED8E90821F4EC5A0009C095C = {
						CreatedOnToolsVersion = 8.3;
						ProvisioningStyle = Automatic;
						TestTargetID = ED8E906B1F4EC5A0009C095C;
					};
					ED8E908D1F4EC5A0009C095C = {
						CreatedOnToolsVersion = 8.3;
						ProvisioningStyle = Automatic;
						TestTargetID = ED8E906B1F4EC5A0009C095C;
					};
				};
			};
			buildConfigurationList = ED8E90671F4EC5A0009C095C /* Build configuration list for PBXProject "JVocab" */;
			compatibilityVersion = "Xcode 3.2";
			developmentRegion = English;
			hasScannedForEncodings = 0;
			knownRegions = (
				en,
				Base,
			);
			mainGroup = ED8E90631F4EC5A0009C095C;
			productRefGroup = ED8E906D1F4EC5A0009C095C /* Products */;
			projectDirPath = "";
			projectRoot = "";
			targets = (
				ED8E906B1F4EC5A0009C095C /* JVocab */,
				ED8E90821F4EC5A0009C095C /* JVocabTests */,
				ED8E908D1F4EC5A0009C095C /* JVocabUITests */,
			);
		};
/* End PBXProject section */

/* Begin PBXResourcesBuildPhase section */
		ED8E906A1F4EC5A0009C095C /* Resources */ = {
			isa = PBXResourcesBuildPhase;
			buildActionMask = 2147483647;
			files = (
				ED50453F1F60E98700087493 /* Quiz.storyboard in Resources */,
				ED4670891F4FBE1E00533EBE /* ic_menu@3x.png in Resources */,
				ED8E907D1F4EC5A0009C095C /* LaunchScreen.storyboard in Resources */,
				ED8E907A1F4EC5A0009C095C /* Assets.xcassets in Resources */,
				ED77784C1F56676300FC6C2C /* icon_kanji@2x.png in Resources */,
				ED77784D1F56676300FC6C2C /* icon_kanji@3x.png in Resources */,
				ED4670871F4FBE1E00533EBE /* ic_menu@1x.png in Resources */,
				ED77784F1F56676300FC6C2C /* icon_words@2x.png in Resources */,
				ED77784E1F56676300FC6C2C /* icon_words@1x.png in Resources */,
				ED77784B1F56676300FC6C2C /* icon_kanji@1x.png in Resources */,
				ED8E90751F4EC5A0009C095C /* Main.storyboard in Resources */,
				ED7778501F56676300FC6C2C /* icon_words@3x.png in Resources */,
				ED4670881F4FBE1E00533EBE /* ic_menu@2x.png in Resources */,
			);
			runOnlyForDeploymentPostprocessing = 0;
		};
		ED8E90811F4EC5A0009C095C /* Resources */ = {
			isa = PBXResourcesBuildPhase;
			buildActionMask = 2147483647;
			files = (
			);
			runOnlyForDeploymentPostprocessing = 0;
		};
		ED8E908C1F4EC5A0009C095C /* Resources */ = {
			isa = PBXResourcesBuildPhase;
			buildActionMask = 2147483647;
			files = (
			);
			runOnlyForDeploymentPostprocessing = 0;
		};
/* End PBXResourcesBuildPhase section */

/* Begin PBXSourcesBuildPhase section */
		ED8E90681F4EC5A0009C095C /* Sources */ = {
			isa = PBXSourcesBuildPhase;
			buildActionMask = 2147483647;
			files = (
				ED1412681F50371A00E2A18B /* UIViewController+Extension.swift in Sources */,
				ED7112C01F628011002DFE13 /* WordDetailViewModel.swift in Sources */,
				ED874BF41F50229F0007DB05 /* ViewController.swift in Sources */,
				ED4597F71F53D799002A7728 /* MultipleChoicesViewModel.swift in Sources */,
				ED8E90701F4EC5A0009C095C /* AppDelegate.swift in Sources */,
				ED4597F91F53EFDC002A7728 /* MultipleChoicesObj.swift in Sources */,
				ED7112BE1F627D7D002DFE13 /* WordDetailViewController.swift in Sources */,
				ED5045411F60F91200087493 /* UIButton+Extension.swift in Sources */,
				ED3BE8C51F57B362003D7F76 /* FillInTheBlankViewModel.swift in Sources */,
				ED3637671F4FB53B0046372A /* SlideMenuController.swift in Sources */,
				ED874BF31F50229F0007DB05 /* AddMoreViewController.swift in Sources */,
				EDC9D48C1F6A1CDA003F35CD /* Collection+Extension.swift in Sources */,
				ED2614271F61021900F36321 /* FillInTheBlankObj.swift in Sources */,
				EDAD61E81F69180A00A48C4D /* MutableCollection+Extension.swift in Sources */,
				EDAD61E61F68ED2400A48C4D /* Sequence+Extension.swift in Sources */,
				ED874BED1F501FB70007DB05 /* String+Extension.swift in Sources */,
				ED8E90781F4EC5A0009C095C /* JVocab.xcdatamodeld in Sources */,
				ED4597F51F53C6AE002A7728 /* MultipleChoicesViewController.swift in Sources */,
				ED874BF61F5022AF0007DB05 /* AddMoreViewModel.swift in Sources */,
				ED874BF81F5024B90007DB05 /* MainViewModel.swift in Sources */,
				ED3BE8C31F57B34B003D7F76 /* FillInTheBlankViewController.swift in Sources */,
				ED8931971F57FE5900CA7214 /* DBUtils.swift in Sources */,
			);
			runOnlyForDeploymentPostprocessing = 0;
		};
		ED8E907F1F4EC5A0009C095C /* Sources */ = {
			isa = PBXSourcesBuildPhase;
			buildActionMask = 2147483647;
			files = (
				ED8E90881F4EC5A0009C095C /* JVocabTests.swift in Sources */,
			);
			runOnlyForDeploymentPostprocessing = 0;
		};
		ED8E908A1F4EC5A0009C095C /* Sources */ = {
			isa = PBXSourcesBuildPhase;
			buildActionMask = 2147483647;
			files = (
				ED8E90931F4EC5A0009C095C /* JVocabUITests.swift in Sources */,
			);
			runOnlyForDeploymentPostprocessing = 0;
		};
/* End PBXSourcesBuildPhase section */

/* Begin PBXTargetDependency section */
		ED8E90851F4EC5A0009C095C /* PBXTargetDependency */ = {
			isa = PBXTargetDependency;
			target = ED8E906B1F4EC5A0009C095C /* JVocab */;
			targetProxy = ED8E90841F4EC5A0009C095C /* PBXContainerItemProxy */;
		};
		ED8E90901F4EC5A0009C095C /* PBXTargetDependency */ = {
			isa = PBXTargetDependency;
			target = ED8E906B1F4EC5A0009C095C /* JVocab */;
			targetProxy = ED8E908F1F4EC5A0009C095C /* PBXContainerItemProxy */;
		};
/* End PBXTargetDependency section */

/* Begin PBXVariantGroup section */
		ED8E90731F4EC5A0009C095C /* Main.storyboard */ = {
			isa = PBXVariantGroup;
			children = (
				ED8E90741F4EC5A0009C095C /* Base */,
			);
			name = Main.storyboard;
			sourceTree = "<group>";
		};
		ED8E907B1F4EC5A0009C095C /* LaunchScreen.storyboard */ = {
			isa = PBXVariantGroup;
			children = (
				ED8E907C1F4EC5A0009C095C /* Base */,
			);
			name = LaunchScreen.storyboard;
			sourceTree = "<group>";
		};
/* End PBXVariantGroup section */

/* Begin XCBuildConfiguration section */
		ED8E90951F4EC5A0009C095C /* Debug */ = {
			isa = XCBuildConfiguration;
			buildSettings = {
				ALWAYS_SEARCH_USER_PATHS = NO;
				CLANG_ANALYZER_NONNULL = YES;
				CLANG_ANALYZER_NUMBER_OBJECT_CONVERSION = YES_AGGRESSIVE;
				CLANG_CXX_LANGUAGE_STANDARD = "gnu++0x";
				CLANG_CXX_LIBRARY = "libc++";
				CLANG_ENABLE_MODULES = YES;
				CLANG_ENABLE_OBJC_ARC = YES;
				CLANG_WARN_BOOL_CONVERSION = YES;
				CLANG_WARN_CONSTANT_CONVERSION = YES;
				CLANG_WARN_DIRECT_OBJC_ISA_USAGE = YES_ERROR;
				CLANG_WARN_DOCUMENTATION_COMMENTS = YES;
				CLANG_WARN_EMPTY_BODY = YES;
				CLANG_WARN_ENUM_CONVERSION = YES;
				CLANG_WARN_INFINITE_RECURSION = YES;
				CLANG_WARN_INT_CONVERSION = YES;
				CLANG_WARN_OBJC_ROOT_CLASS = YES_ERROR;
				CLANG_WARN_SUSPICIOUS_MOVE = YES;
				CLANG_WARN_UNREACHABLE_CODE = YES;
				CLANG_WARN__DUPLICATE_METHOD_MATCH = YES;
				"CODE_SIGN_IDENTITY[sdk=iphoneos*]" = "iPhone Developer";
				COPY_PHASE_STRIP = NO;
				DEBUG_INFORMATION_FORMAT = dwarf;
				ENABLE_STRICT_OBJC_MSGSEND = YES;
				ENABLE_TESTABILITY = YES;
				GCC_C_LANGUAGE_STANDARD = gnu99;
				GCC_DYNAMIC_NO_PIC = NO;
				GCC_NO_COMMON_BLOCKS = YES;
				GCC_OPTIMIZATION_LEVEL = 0;
				GCC_PREPROCESSOR_DEFINITIONS = (
					"DEBUG=1",
					"$(inherited)",
				);
				GCC_WARN_64_TO_32_BIT_CONVERSION = YES;
				GCC_WARN_ABOUT_RETURN_TYPE = YES_ERROR;
				GCC_WARN_UNDECLARED_SELECTOR = YES;
				GCC_WARN_UNINITIALIZED_AUTOS = YES_AGGRESSIVE;
				GCC_WARN_UNUSED_FUNCTION = YES;
				GCC_WARN_UNUSED_VARIABLE = YES;
				IPHONEOS_DEPLOYMENT_TARGET = 10.3;
				MTL_ENABLE_DEBUG_INFO = YES;
				ONLY_ACTIVE_ARCH = YES;
				SDKROOT = iphoneos;
				SWIFT_ACTIVE_COMPILATION_CONDITIONS = DEBUG;
				SWIFT_OPTIMIZATION_LEVEL = "-Onone";
				TARGETED_DEVICE_FAMILY = "1,2";
			};
			name = Debug;
		};
		ED8E90961F4EC5A0009C095C /* Release */ = {
			isa = XCBuildConfiguration;
			buildSettings = {
				ALWAYS_SEARCH_USER_PATHS = NO;
				CLANG_ANALYZER_NONNULL = YES;
				CLANG_ANALYZER_NUMBER_OBJECT_CONVERSION = YES_AGGRESSIVE;
				CLANG_CXX_LANGUAGE_STANDARD = "gnu++0x";
				CLANG_CXX_LIBRARY = "libc++";
				CLANG_ENABLE_MODULES = YES;
				CLANG_ENABLE_OBJC_ARC = YES;
				CLANG_WARN_BOOL_CONVERSION = YES;
				CLANG_WARN_CONSTANT_CONVERSION = YES;
				CLANG_WARN_DIRECT_OBJC_ISA_USAGE = YES_ERROR;
				CLANG_WARN_DOCUMENTATION_COMMENTS = YES;
				CLANG_WARN_EMPTY_BODY = YES;
				CLANG_WARN_ENUM_CONVERSION = YES;
				CLANG_WARN_INFINITE_RECURSION = YES;
				CLANG_WARN_INT_CONVERSION = YES;
				CLANG_WARN_OBJC_ROOT_CLASS = YES_ERROR;
				CLANG_WARN_SUSPICIOUS_MOVE = YES;
				CLANG_WARN_UNREACHABLE_CODE = YES;
				CLANG_WARN__DUPLICATE_METHOD_MATCH = YES;
				"CODE_SIGN_IDENTITY[sdk=iphoneos*]" = "iPhone Developer";
				COPY_PHASE_STRIP = NO;
				DEBUG_INFORMATION_FORMAT = "dwarf-with-dsym";
				ENABLE_NS_ASSERTIONS = NO;
				ENABLE_STRICT_OBJC_MSGSEND = YES;
				GCC_C_LANGUAGE_STANDARD = gnu99;
				GCC_NO_COMMON_BLOCKS = YES;
				GCC_WARN_64_TO_32_BIT_CONVERSION = YES;
				GCC_WARN_ABOUT_RETURN_TYPE = YES_ERROR;
				GCC_WARN_UNDECLARED_SELECTOR = YES;
				GCC_WARN_UNINITIALIZED_AUTOS = YES_AGGRESSIVE;
				GCC_WARN_UNUSED_FUNCTION = YES;
				GCC_WARN_UNUSED_VARIABLE = YES;
				IPHONEOS_DEPLOYMENT_TARGET = 10.3;
				MTL_ENABLE_DEBUG_INFO = NO;
				SDKROOT = iphoneos;
				SWIFT_OPTIMIZATION_LEVEL = "-Owholemodule";
				TARGETED_DEVICE_FAMILY = "1,2";
				VALIDATE_PRODUCT = YES;
			};
			name = Release;
		};
		ED8E90981F4EC5A0009C095C /* Debug */ = {
			isa = XCBuildConfiguration;
			buildSettings = {
				ASSETCATALOG_COMPILER_APPICON_NAME = AppIcon;
				"CODE_SIGN_IDENTITY[sdk=iphoneos*]" = "iPhone Developer";
				DEVELOPMENT_TEAM = 4D947669QT;
				INFOPLIST_FILE = JVocab/Info.plist;
				LD_RUNPATH_SEARCH_PATHS = "$(inherited) @executable_path/Frameworks";
				PRODUCT_BUNDLE_IDENTIFIER = com.namdv.JVocab;
				PRODUCT_NAME = "$(TARGET_NAME)";
				PROVISIONING_PROFILE = "89272da7-baeb-454e-a1eb-db509d8dea37";
				PROVISIONING_PROFILE_SPECIFIER = "mobile dev";
				SWIFT_VERSION = 3.0;
			};
			name = Debug;
		};
		ED8E90991F4EC5A0009C095C /* Release */ = {
			isa = XCBuildConfiguration;
			buildSettings = {
				ASSETCATALOG_COMPILER_APPICON_NAME = AppIcon;
				DEVELOPMENT_TEAM = 4D947669QT;
				INFOPLIST_FILE = JVocab/Info.plist;
				LD_RUNPATH_SEARCH_PATHS = "$(inherited) @executable_path/Frameworks";
				PRODUCT_BUNDLE_IDENTIFIER = com.namdv.JVocab;
				PRODUCT_NAME = "$(TARGET_NAME)";
				PROVISIONING_PROFILE = "d80748f3-d377-4f00-8ba4-1f7c9b698508";
				PROVISIONING_PROFILE_SPECIFIER = "mobile dev";
				SWIFT_VERSION = 3.0;
			};
			name = Release;
		};
		ED8E909B1F4EC5A0009C095C /* Debug */ = {
			isa = XCBuildConfiguration;
			buildSettings = {
				ALWAYS_EMBED_SWIFT_STANDARD_LIBRARIES = YES;
				BUNDLE_LOADER = "$(TEST_HOST)";
				INFOPLIST_FILE = JVocabTests/Info.plist;
				LD_RUNPATH_SEARCH_PATHS = "$(inherited) @executable_path/Frameworks @loader_path/Frameworks";
				PRODUCT_BUNDLE_IDENTIFIER = com.namdv.JVocabTests;
				PRODUCT_NAME = "$(TARGET_NAME)";
				SWIFT_VERSION = 3.0;
				TEST_HOST = "$(BUILT_PRODUCTS_DIR)/JVocab.app/JVocab";
			};
			name = Debug;
		};
		ED8E909C1F4EC5A0009C095C /* Release */ = {
			isa = XCBuildConfiguration;
			buildSettings = {
				ALWAYS_EMBED_SWIFT_STANDARD_LIBRARIES = YES;
				BUNDLE_LOADER = "$(TEST_HOST)";
				INFOPLIST_FILE = JVocabTests/Info.plist;
				LD_RUNPATH_SEARCH_PATHS = "$(inherited) @executable_path/Frameworks @loader_path/Frameworks";
				PRODUCT_BUNDLE_IDENTIFIER = com.namdv.JVocabTests;
				PRODUCT_NAME = "$(TARGET_NAME)";
				SWIFT_VERSION = 3.0;
				TEST_HOST = "$(BUILT_PRODUCTS_DIR)/JVocab.app/JVocab";
			};
			name = Release;
		};
		ED8E909E1F4EC5A0009C095C /* Debug */ = {
			isa = XCBuildConfiguration;
			buildSettings = {
				ALWAYS_EMBED_SWIFT_STANDARD_LIBRARIES = YES;
				INFOPLIST_FILE = JVocabUITests/Info.plist;
				LD_RUNPATH_SEARCH_PATHS = "$(inherited) @executable_path/Frameworks @loader_path/Frameworks";
				PRODUCT_BUNDLE_IDENTIFIER = com.namdv.JVocabUITests;
				PRODUCT_NAME = "$(TARGET_NAME)";
				SWIFT_VERSION = 3.0;
				TEST_TARGET_NAME = JVocab;
			};
			name = Debug;
		};
		ED8E909F1F4EC5A0009C095C /* Release */ = {
			isa = XCBuildConfiguration;
			buildSettings = {
				ALWAYS_EMBED_SWIFT_STANDARD_LIBRARIES = YES;
				INFOPLIST_FILE = JVocabUITests/Info.plist;
				LD_RUNPATH_SEARCH_PATHS = "$(inherited) @executable_path/Frameworks @loader_path/Frameworks";
				PRODUCT_BUNDLE_IDENTIFIER = com.namdv.JVocabUITests;
				PRODUCT_NAME = "$(TARGET_NAME)";
				SWIFT_VERSION = 3.0;
				TEST_TARGET_NAME = JVocab;
			};
			name = Release;
		};
/* End XCBuildConfiguration section */

/* Begin XCConfigurationList section */
		ED8E90671F4EC5A0009C095C /* Build configuration list for PBXProject "JVocab" */ = {
			isa = XCConfigurationList;
			buildConfigurations = (
				ED8E90951F4EC5A0009C095C /* Debug */,
				ED8E90961F4EC5A0009C095C /* Release */,
			);
			defaultConfigurationIsVisible = 0;
			defaultConfigurationName = Release;
		};
		ED8E90971F4EC5A0009C095C /* Build configuration list for PBXNativeTarget "JVocab" */ = {
			isa = XCConfigurationList;
			buildConfigurations = (
				ED8E90981F4EC5A0009C095C /* Debug */,
				ED8E90991F4EC5A0009C095C /* Release */,
			);
			defaultConfigurationIsVisible = 0;
			defaultConfigurationName = Release;
		};
		ED8E909A1F4EC5A0009C095C /* Build configuration list for PBXNativeTarget "JVocabTests" */ = {
			isa = XCConfigurationList;
			buildConfigurations = (
				ED8E909B1F4EC5A0009C095C /* Debug */,
				ED8E909C1F4EC5A0009C095C /* Release */,
			);
			defaultConfigurationIsVisible = 0;
			defaultConfigurationName = Release;
		};
		ED8E909D1F4EC5A0009C095C /* Build configuration list for PBXNativeTarget "JVocabUITests" */ = {
			isa = XCConfigurationList;
			buildConfigurations = (
				ED8E909E1F4EC5A0009C095C /* Debug */,
				ED8E909F1F4EC5A0009C095C /* Release */,
			);
			defaultConfigurationIsVisible = 0;
			defaultConfigurationName = Release;
		};
/* End XCConfigurationList section */

/* Begin XCVersionGroup section */
		ED8E90761F4EC5A0009C095C /* JVocab.xcdatamodeld */ = {
			isa = XCVersionGroup;
			children = (
				ED8E90771F4EC5A0009C095C /* JVocab.xcdatamodel */,
			);
			currentVersion = ED8E90771F4EC5A0009C095C /* JVocab.xcdatamodel */;
			path = JVocab.xcdatamodeld;
			sourceTree = "<group>";
			versionGroupType = wrapper.xcdatamodel;
		};
/* End XCVersionGroup section */
	};
	rootObject = ED8E90641F4EC5A0009C095C /* Project object */;
}
